// !$*UTF8*$!
{
	archiveVersion = 1;
	classes = {
	};
	objectVersion = 56;
	objects = {

/* Begin PBXBuildFile section */
		8F0A00E92C2A7A2200120362 /* Kingfisher in Frameworks */ = {isa = PBXBuildFile; productRef = 8F0A00E82C2A7A2200120362 /* Kingfisher */; };
		8F0A00EC2C2A8EDB00120362 /* SwiftKeychainWrapper in Frameworks */ = {isa = PBXBuildFile; productRef = 8F0A00EB2C2A8EDB00120362 /* SwiftKeychainWrapper */; };
		8F0A00EF2C2A9D5600120362 /* TabBarController.swift in Sources */ = {isa = PBXBuildFile; fileRef = 8F0A00EE2C2A9D5600120362 /* TabBarController.swift */; };
		8F0F8BCB2BF3401900308F61 /* ImagesListCellViewModel.swift in Sources */ = {isa = PBXBuildFile; fileRef = 8F0F8BCA2BF3401900308F61 /* ImagesListCellViewModel.swift */; };
		8F1699542C26BFF900BD24F9 /* UIBlockingProgressHUD.swift in Sources */ = {isa = PBXBuildFile; fileRef = 8F1699532C26BFF900BD24F9 /* UIBlockingProgressHUD.swift */; };
		8F1699582C28030600BD24F9 /* ProfileService.swift in Sources */ = {isa = PBXBuildFile; fileRef = 8F1699572C28030600BD24F9 /* ProfileService.swift */; };
		8F16995A2C28035600BD24F9 /* ProfileResult.swift in Sources */ = {isa = PBXBuildFile; fileRef = 8F1699592C28035600BD24F9 /* ProfileResult.swift */; };
		8F16995C2C28040300BD24F9 /* Profile.swift in Sources */ = {isa = PBXBuildFile; fileRef = 8F16995B2C28040300BD24F9 /* Profile.swift */; };
		8F16995E2C28175900BD24F9 /* ErrorHandler.swift in Sources */ = {isa = PBXBuildFile; fileRef = 8F16995D2C28175800BD24F9 /* ErrorHandler.swift */; };
		8F1699612C2856FB00BD24F9 /* ProfileImageService.swift in Sources */ = {isa = PBXBuildFile; fileRef = 8F1699602C2856FB00BD24F9 /* ProfileImageService.swift */; };
		8F1699632C28582600BD24F9 /* UserResult.swift in Sources */ = {isa = PBXBuildFile; fileRef = 8F1699622C28582600BD24F9 /* UserResult.swift */; };
		8F2005E52C117D8E009E3422 /* WebViewViewController.swift in Sources */ = {isa = PBXBuildFile; fileRef = 8F2005E42C117D8E009E3422 /* WebViewViewController.swift */; };
		8F288FE02BF5CAF5001F2DFB /* ProfileViewController.swift in Sources */ = {isa = PBXBuildFile; fileRef = 8F288FDF2BF5CAF5001F2DFB /* ProfileViewController.swift */; };
		8F2D89242BE9E7EB005F082C /* AppDelegate.swift in Sources */ = {isa = PBXBuildFile; fileRef = 8F2D89232BE9E7EB005F082C /* AppDelegate.swift */; };
		8F2D89262BE9E7EB005F082C /* SceneDelegate.swift in Sources */ = {isa = PBXBuildFile; fileRef = 8F2D89252BE9E7EB005F082C /* SceneDelegate.swift */; };
		8F2D89282BE9E7EB005F082C /* ImagesListViewController.swift in Sources */ = {isa = PBXBuildFile; fileRef = 8F2D89272BE9E7EB005F082C /* ImagesListViewController.swift */; };
		8F2D892B2BE9E7EB005F082C /* Main.storyboard in Resources */ = {isa = PBXBuildFile; fileRef = 8F2D89292BE9E7EB005F082C /* Main.storyboard */; };
		8F2D892D2BE9E7ED005F082C /* Assets.xcassets in Resources */ = {isa = PBXBuildFile; fileRef = 8F2D892C2BE9E7ED005F082C /* Assets.xcassets */; };
		8F2D89302BE9E7ED005F082C /* LaunchScreen.storyboard in Resources */ = {isa = PBXBuildFile; fileRef = 8F2D892E2BE9E7ED005F082C /* LaunchScreen.storyboard */; };
		8F3112632C1AE8810033F778 /* AuthNavigationController.swift in Sources */ = {isa = PBXBuildFile; fileRef = 8F3112622C1AE8810033F778 /* AuthNavigationController.swift */; };
		8F3A45202C0D982B00F3D8A1 /* AuthViewController.swift in Sources */ = {isa = PBXBuildFile; fileRef = 8F3A451F2C0D982B00F3D8A1 /* AuthViewController.swift */; };
		8F41EAE02C1B2F94001CB976 /* JSONDecoder+Extensions.swift in Sources */ = {isa = PBXBuildFile; fileRef = 8F41EADF2C1B2F94001CB976 /* JSONDecoder+Extensions.swift */; };
		8F6816622C12D6D000FB9FF3 /* WebViewViewControllerDelegate.swift in Sources */ = {isa = PBXBuildFile; fileRef = 8F6816612C12D6D000FB9FF3 /* WebViewViewControllerDelegate.swift */; };
		8F7944FF2C1853A700D3996D /* OAuthService.swift in Sources */ = {isa = PBXBuildFile; fileRef = 8F7944FE2C1853A700D3996D /* OAuthService.swift */; };
		8F7945012C18816500D3996D /* URLSession+Extensions.swift in Sources */ = {isa = PBXBuildFile; fileRef = 8F7945002C18816500D3996D /* URLSession+Extensions.swift */; };
		8F7945032C18882A00D3996D /* OAuthTokenResponseBody.swift in Sources */ = {isa = PBXBuildFile; fileRef = 8F7945022C18882A00D3996D /* OAuthTokenResponseBody.swift */; };
		8F7945052C18915900D3996D /* OAuthTokenStorage.swift in Sources */ = {isa = PBXBuildFile; fileRef = 8F7945042C18915900D3996D /* OAuthTokenStorage.swift */; };
		8F7945092C19B3E900D3996D /* SplashViewController.swift in Sources */ = {isa = PBXBuildFile; fileRef = 8F7945082C19B3E900D3996D /* SplashViewController.swift */; };
		8F79450B2C19CEF300D3996D /* AuthViewControllerDelegate.swift in Sources */ = {isa = PBXBuildFile; fileRef = 8F79450A2C19CEF300D3996D /* AuthViewControllerDelegate.swift */; };
		8FAFE8002C0B6128000C319B /* Constants.swift in Sources */ = {isa = PBXBuildFile; fileRef = 8FAFE7FF2C0B6128000C319B /* Constants.swift */; };
		8FC836862BFAFD5E002492FA /* SingleImageViewController.swift in Sources */ = {isa = PBXBuildFile; fileRef = 8FC836852BFAFD5E002492FA /* SingleImageViewController.swift */; };
		8FD11A5E2BEF4F6B00FC2640 /* ImagesListCell.swift in Sources */ = {isa = PBXBuildFile; fileRef = 8FD11A5D2BEF4F6B00FC2640 /* ImagesListCell.swift */; };
		8FFB7D9B2C1C3A6000747839 /* ProgressHUD in Frameworks */ = {isa = PBXBuildFile; productRef = 8FFB7D9A2C1C3A6000747839 /* ProgressHUD */; };
/* End PBXBuildFile section */

/* Begin PBXFileReference section */
		8F0A00EE2C2A9D5600120362 /* TabBarController.swift */ = {isa = PBXFileReference; lastKnownFileType = sourcecode.swift; path = TabBarController.swift; sourceTree = "<group>"; };
		8F0F8BCA2BF3401900308F61 /* ImagesListCellViewModel.swift */ = {isa = PBXFileReference; lastKnownFileType = sourcecode.swift; path = ImagesListCellViewModel.swift; sourceTree = "<group>"; };
		8F1699532C26BFF900BD24F9 /* UIBlockingProgressHUD.swift */ = {isa = PBXFileReference; lastKnownFileType = sourcecode.swift; path = UIBlockingProgressHUD.swift; sourceTree = "<group>"; };
		8F1699572C28030600BD24F9 /* ProfileService.swift */ = {isa = PBXFileReference; lastKnownFileType = sourcecode.swift; path = ProfileService.swift; sourceTree = "<group>"; };
		8F1699592C28035600BD24F9 /* ProfileResult.swift */ = {isa = PBXFileReference; lastKnownFileType = sourcecode.swift; path = ProfileResult.swift; sourceTree = "<group>"; };
		8F16995B2C28040300BD24F9 /* Profile.swift */ = {isa = PBXFileReference; lastKnownFileType = sourcecode.swift; path = Profile.swift; sourceTree = "<group>"; };
		8F16995D2C28175800BD24F9 /* ErrorHandler.swift */ = {isa = PBXFileReference; lastKnownFileType = sourcecode.swift; path = ErrorHandler.swift; sourceTree = "<group>"; };
		8F1699602C2856FB00BD24F9 /* ProfileImageService.swift */ = {isa = PBXFileReference; lastKnownFileType = sourcecode.swift; path = ProfileImageService.swift; sourceTree = "<group>"; };
		8F1699622C28582600BD24F9 /* UserResult.swift */ = {isa = PBXFileReference; lastKnownFileType = sourcecode.swift; path = UserResult.swift; sourceTree = "<group>"; };
		8F2005E42C117D8E009E3422 /* WebViewViewController.swift */ = {isa = PBXFileReference; lastKnownFileType = sourcecode.swift; path = WebViewViewController.swift; sourceTree = "<group>"; };
		8F288FDF2BF5CAF5001F2DFB /* ProfileViewController.swift */ = {isa = PBXFileReference; lastKnownFileType = sourcecode.swift; path = ProfileViewController.swift; sourceTree = "<group>"; };
		8F2D89202BE9E7EB005F082C /* ImageFeed.app */ = {isa = PBXFileReference; explicitFileType = wrapper.application; includeInIndex = 0; path = ImageFeed.app; sourceTree = BUILT_PRODUCTS_DIR; };
		8F2D89232BE9E7EB005F082C /* AppDelegate.swift */ = {isa = PBXFileReference; lastKnownFileType = sourcecode.swift; path = AppDelegate.swift; sourceTree = "<group>"; };
		8F2D89252BE9E7EB005F082C /* SceneDelegate.swift */ = {isa = PBXFileReference; lastKnownFileType = sourcecode.swift; path = SceneDelegate.swift; sourceTree = "<group>"; };
		8F2D89272BE9E7EB005F082C /* ImagesListViewController.swift */ = {isa = PBXFileReference; lastKnownFileType = sourcecode.swift; path = ImagesListViewController.swift; sourceTree = "<group>"; };
		8F2D892A2BE9E7EB005F082C /* Base */ = {isa = PBXFileReference; lastKnownFileType = file.storyboard; name = Base; path = Base.lproj/Main.storyboard; sourceTree = "<group>"; };
		8F2D892C2BE9E7ED005F082C /* Assets.xcassets */ = {isa = PBXFileReference; lastKnownFileType = folder.assetcatalog; path = Assets.xcassets; sourceTree = "<group>"; };
		8F2D892F2BE9E7ED005F082C /* Base */ = {isa = PBXFileReference; lastKnownFileType = file.storyboard; name = Base; path = Base.lproj/LaunchScreen.storyboard; sourceTree = "<group>"; };
		8F2D89312BE9E7ED005F082C /* Info.plist */ = {isa = PBXFileReference; lastKnownFileType = text.plist.xml; path = Info.plist; sourceTree = "<group>"; };
		8F3112622C1AE8810033F778 /* AuthNavigationController.swift */ = {isa = PBXFileReference; lastKnownFileType = sourcecode.swift; path = AuthNavigationController.swift; sourceTree = "<group>"; };
		8F3A451F2C0D982B00F3D8A1 /* AuthViewController.swift */ = {isa = PBXFileReference; lastKnownFileType = sourcecode.swift; path = AuthViewController.swift; sourceTree = "<group>"; };
		8F41EADF2C1B2F94001CB976 /* JSONDecoder+Extensions.swift */ = {isa = PBXFileReference; lastKnownFileType = sourcecode.swift; path = "JSONDecoder+Extensions.swift"; sourceTree = "<group>"; };
		8F6816612C12D6D000FB9FF3 /* WebViewViewControllerDelegate.swift */ = {isa = PBXFileReference; lastKnownFileType = sourcecode.swift; path = WebViewViewControllerDelegate.swift; sourceTree = "<group>"; };
		8F7944FE2C1853A700D3996D /* OAuthService.swift */ = {isa = PBXFileReference; lastKnownFileType = sourcecode.swift; path = OAuthService.swift; sourceTree = "<group>"; };
		8F7945002C18816500D3996D /* URLSession+Extensions.swift */ = {isa = PBXFileReference; lastKnownFileType = sourcecode.swift; path = "URLSession+Extensions.swift"; sourceTree = "<group>"; };
		8F7945022C18882A00D3996D /* OAuthTokenResponseBody.swift */ = {isa = PBXFileReference; lastKnownFileType = sourcecode.swift; path = OAuthTokenResponseBody.swift; sourceTree = "<group>"; };
		8F7945042C18915900D3996D /* OAuthTokenStorage.swift */ = {isa = PBXFileReference; lastKnownFileType = sourcecode.swift; path = OAuthTokenStorage.swift; sourceTree = "<group>"; };
		8F7945082C19B3E900D3996D /* SplashViewController.swift */ = {isa = PBXFileReference; lastKnownFileType = sourcecode.swift; path = SplashViewController.swift; sourceTree = "<group>"; };
		8F79450A2C19CEF300D3996D /* AuthViewControllerDelegate.swift */ = {isa = PBXFileReference; lastKnownFileType = sourcecode.swift; path = AuthViewControllerDelegate.swift; sourceTree = "<group>"; };
		8FAFE7FF2C0B6128000C319B /* Constants.swift */ = {isa = PBXFileReference; lastKnownFileType = sourcecode.swift; path = Constants.swift; sourceTree = "<group>"; };
		8FC836852BFAFD5E002492FA /* SingleImageViewController.swift */ = {isa = PBXFileReference; lastKnownFileType = sourcecode.swift; path = SingleImageViewController.swift; sourceTree = "<group>"; };
		8FD11A5D2BEF4F6B00FC2640 /* ImagesListCell.swift */ = {isa = PBXFileReference; lastKnownFileType = sourcecode.swift; path = ImagesListCell.swift; sourceTree = "<group>"; };
/* End PBXFileReference section */

/* Begin PBXFrameworksBuildPhase section */
		8F2D891D2BE9E7EB005F082C /* Frameworks */ = {
			isa = PBXFrameworksBuildPhase;
			buildActionMask = 2147483647;
			files = (
				8F0A00E92C2A7A2200120362 /* Kingfisher in Frameworks */,
				8FFB7D9B2C1C3A6000747839 /* ProgressHUD in Frameworks */,
				8F0A00EC2C2A8EDB00120362 /* SwiftKeychainWrapper in Frameworks */,
			);
			runOnlyForDeploymentPostprocessing = 0;
		};
/* End PBXFrameworksBuildPhase section */

/* Begin PBXGroup section */
		8F0A00ED2C2A9D2300120362 /* TabBarController */ = {
			isa = PBXGroup;
			children = (
				8F0A00EE2C2A9D5600120362 /* TabBarController.swift */,
			);
			path = TabBarController;
			sourceTree = "<group>";
		};
		8F1699552C26C18E00BD24F9 /* UIBlockingProgressHUD */ = {
			isa = PBXGroup;
			children = (
				8F1699532C26BFF900BD24F9 /* UIBlockingProgressHUD.swift */,
			);
			path = UIBlockingProgressHUD;
			sourceTree = "<group>";
		};
		8F1699562C2802BD00BD24F9 /* ProfileService */ = {
			isa = PBXGroup;
			children = (
				8F1699572C28030600BD24F9 /* ProfileService.swift */,
				8F1699592C28035600BD24F9 /* ProfileResult.swift */,
				8F16995B2C28040300BD24F9 /* Profile.swift */,
			);
			path = ProfileService;
			sourceTree = "<group>";
		};
		8F16995F2C2854F100BD24F9 /* ProfileImageService */ = {
			isa = PBXGroup;
			children = (
				8F1699602C2856FB00BD24F9 /* ProfileImageService.swift */,
				8F1699622C28582600BD24F9 /* UserResult.swift */,
			);
			path = ProfileImageService;
			sourceTree = "<group>";
		};
		8F288FDE2BF5CAC2001F2DFB /* Profile */ = {
			isa = PBXGroup;
			children = (
				8F288FDF2BF5CAF5001F2DFB /* ProfileViewController.swift */,
				8F1699562C2802BD00BD24F9 /* ProfileService */,
				8F16995F2C2854F100BD24F9 /* ProfileImageService */,
			);
			path = Profile;
			sourceTree = "<group>";
		};
		8F2D89172BE9E7EB005F082C = {
			isa = PBXGroup;
			children = (
				8F2D89222BE9E7EB005F082C /* ImageFeed */,
				8F2D89212BE9E7EB005F082C /* Products */,
			);
			sourceTree = "<group>";
		};
		8F2D89212BE9E7EB005F082C /* Products */ = {
			isa = PBXGroup;
			children = (
				8F2D89202BE9E7EB005F082C /* ImageFeed.app */,
			);
			name = Products;
			sourceTree = "<group>";
		};
		8F2D89222BE9E7EB005F082C /* ImageFeed */ = {
			isa = PBXGroup;
			children = (
				8F2D89232BE9E7EB005F082C /* AppDelegate.swift */,
				8F2D89252BE9E7EB005F082C /* SceneDelegate.swift */,
				8F2D89292BE9E7EB005F082C /* Main.storyboard */,
				8F3A451E2C0D979F00F3D8A1 /* Auth */,
				8FAFE7FE2C0B60F7000C319B /* Helpers */,
				8FD11A5C2BEF4F2F00FC2640 /* ImagesList */,
				8F3112642C1AECBA0033F778 /* LaunchScreen */,
				8F288FDE2BF5CAC2001F2DFB /* Profile */,
				8F2D89372BEA0312005F082C /* Resources */,
				8FC836842BFAFD2A002492FA /* SingleImage */,
				8F7945072C19B38F00D3996D /* SplashScreen */,
				8F0A00ED2C2A9D2300120362 /* TabBarController */,
				8F1699552C26C18E00BD24F9 /* UIBlockingProgressHUD */,
			);
			path = ImageFeed;
			sourceTree = "<group>";
		};
		8F2D89372BEA0312005F082C /* Resources */ = {
			isa = PBXGroup;
			children = (
				8F2D892C2BE9E7ED005F082C /* Assets.xcassets */,
				8F2D89312BE9E7ED005F082C /* Info.plist */,
			);
			path = Resources;
			sourceTree = "<group>";
		};
		8F3112642C1AECBA0033F778 /* LaunchScreen */ = {
			isa = PBXGroup;
			children = (
				8F2D892E2BE9E7ED005F082C /* LaunchScreen.storyboard */,
			);
			path = LaunchScreen;
			sourceTree = "<group>";
		};
		8F3A451E2C0D979F00F3D8A1 /* Auth */ = {
			isa = PBXGroup;
			children = (
				8F3112622C1AE8810033F778 /* AuthNavigationController.swift */,
				8F3A451F2C0D982B00F3D8A1 /* AuthViewController.swift */,
				8F79450A2C19CEF300D3996D /* AuthViewControllerDelegate.swift */,
				8F2005E42C117D8E009E3422 /* WebViewViewController.swift */,
				8F6816612C12D6D000FB9FF3 /* WebViewViewControllerDelegate.swift */,
				8F7945062C19B33C00D3996D /* OAuth2 */,
			);
			path = Auth;
			sourceTree = "<group>";
		};
		8F7945062C19B33C00D3996D /* OAuth2 */ = {
			isa = PBXGroup;
			children = (
				8F7944FE2C1853A700D3996D /* OAuthService.swift */,
				8F7945022C18882A00D3996D /* OAuthTokenResponseBody.swift */,
				8F7945042C18915900D3996D /* OAuthTokenStorage.swift */,
			);
			path = OAuth2;
			sourceTree = "<group>";
		};
		8F7945072C19B38F00D3996D /* SplashScreen */ = {
			isa = PBXGroup;
			children = (
				8F7945082C19B3E900D3996D /* SplashViewController.swift */,
			);
			path = SplashScreen;
			sourceTree = "<group>";
		};
		8FAFE7FE2C0B60F7000C319B /* Helpers */ = {
			isa = PBXGroup;
			children = (
				8FAFE7FF2C0B6128000C319B /* Constants.swift */,
				8F16995D2C28175800BD24F9 /* ErrorHandler.swift */,
				8F41EADF2C1B2F94001CB976 /* JSONDecoder+Extensions.swift */,
				8F7945002C18816500D3996D /* URLSession+Extensions.swift */,
			);
			path = Helpers;
			sourceTree = "<group>";
		};
		8FC836842BFAFD2A002492FA /* SingleImage */ = {
			isa = PBXGroup;
			children = (
				8FC836852BFAFD5E002492FA /* SingleImageViewController.swift */,
			);
			path = SingleImage;
			sourceTree = "<group>";
		};
		8FD11A5C2BEF4F2F00FC2640 /* ImagesList */ = {
			isa = PBXGroup;
			children = (
				8F2D89272BE9E7EB005F082C /* ImagesListViewController.swift */,
				8FD11A5D2BEF4F6B00FC2640 /* ImagesListCell.swift */,
				8F0F8BCA2BF3401900308F61 /* ImagesListCellViewModel.swift */,
			);
			path = ImagesList;
			sourceTree = "<group>";
		};
/* End PBXGroup section */

/* Begin PBXNativeTarget section */
		8F2D891F2BE9E7EB005F082C /* ImageFeed */ = {
			isa = PBXNativeTarget;
			buildConfigurationList = 8F2D89342BE9E7ED005F082C /* Build configuration list for PBXNativeTarget "ImageFeed" */;
			buildPhases = (
				8F2D891C2BE9E7EB005F082C /* Sources */,
				8F2D891D2BE9E7EB005F082C /* Frameworks */,
				8F2D891E2BE9E7EB005F082C /* Resources */,
			);
			buildRules = (
			);
			dependencies = (
			);
			name = ImageFeed;
			packageProductDependencies = (
				8FFB7D9A2C1C3A6000747839 /* ProgressHUD */,
				8F0A00E82C2A7A2200120362 /* Kingfisher */,
				8F0A00EB2C2A8EDB00120362 /* SwiftKeychainWrapper */,
			);
			productName = ImageFeed;
			productReference = 8F2D89202BE9E7EB005F082C /* ImageFeed.app */;
			productType = "com.apple.product-type.application";
		};
/* End PBXNativeTarget section */

/* Begin PBXProject section */
		8F2D89182BE9E7EB005F082C /* Project object */ = {
			isa = PBXProject;
			attributes = {
				BuildIndependentTargetsInParallel = 1;
				LastSwiftUpdateCheck = 1520;
				LastUpgradeCheck = 1520;
				TargetAttributes = {
					8F2D891F2BE9E7EB005F082C = {
						CreatedOnToolsVersion = 15.2;
					};
				};
			};
			buildConfigurationList = 8F2D891B2BE9E7EB005F082C /* Build configuration list for PBXProject "ImageFeed" */;
			compatibilityVersion = "Xcode 14.0";
			developmentRegion = ru;
			hasScannedForEncodings = 0;
			knownRegions = (
				ru,
				en,
				Base,
			);
			mainGroup = 8F2D89172BE9E7EB005F082C;
			packageReferences = (
				8FFB7D992C1C3A6000747839 /* XCRemoteSwiftPackageReference "ProgressHUD" */,
				8F0A00E72C2A7A2200120362 /* XCRemoteSwiftPackageReference "Kingfisher" */,
				8F0A00EA2C2A8EDB00120362 /* XCRemoteSwiftPackageReference "SwiftKeychainWrapper" */,
			);
			productRefGroup = 8F2D89212BE9E7EB005F082C /* Products */;
			projectDirPath = "";
			projectRoot = "";
			targets = (
				8F2D891F2BE9E7EB005F082C /* ImageFeed */,
			);
		};
/* End PBXProject section */

/* Begin PBXResourcesBuildPhase section */
		8F2D891E2BE9E7EB005F082C /* Resources */ = {
			isa = PBXResourcesBuildPhase;
			buildActionMask = 2147483647;
			files = (
				8F2D89302BE9E7ED005F082C /* LaunchScreen.storyboard in Resources */,
				8F2D892D2BE9E7ED005F082C /* Assets.xcassets in Resources */,
				8F2D892B2BE9E7EB005F082C /* Main.storyboard in Resources */,
			);
			runOnlyForDeploymentPostprocessing = 0;
		};
/* End PBXResourcesBuildPhase section */

/* Begin PBXSourcesBuildPhase section */
		8F2D891C2BE9E7EB005F082C /* Sources */ = {
			isa = PBXSourcesBuildPhase;
			buildActionMask = 2147483647;
			files = (
				8F16995A2C28035600BD24F9 /* ProfileResult.swift in Sources */,
				8F1699632C28582600BD24F9 /* UserResult.swift in Sources */,
				8F2005E52C117D8E009E3422 /* WebViewViewController.swift in Sources */,
				8F0A00EF2C2A9D5600120362 /* TabBarController.swift in Sources */,
				8F7945012C18816500D3996D /* URLSession+Extensions.swift in Sources */,
				8F16995C2C28040300BD24F9 /* Profile.swift in Sources */,
				8F288FE02BF5CAF5001F2DFB /* ProfileViewController.swift in Sources */,
				8F1699542C26BFF900BD24F9 /* UIBlockingProgressHUD.swift in Sources */,
				8F3112632C1AE8810033F778 /* AuthNavigationController.swift in Sources */,
				8F1699612C2856FB00BD24F9 /* ProfileImageService.swift in Sources */,
				8F7944FF2C1853A700D3996D /* OAuthService.swift in Sources */,
				8F2D89282BE9E7EB005F082C /* ImagesListViewController.swift in Sources */,
				8FD11A5E2BEF4F6B00FC2640 /* ImagesListCell.swift in Sources */,
				8FC836862BFAFD5E002492FA /* SingleImageViewController.swift in Sources */,
				8F0F8BCB2BF3401900308F61 /* ImagesListCellViewModel.swift in Sources */,
				8F79450B2C19CEF300D3996D /* AuthViewControllerDelegate.swift in Sources */,
				8F2D89242BE9E7EB005F082C /* AppDelegate.swift in Sources */,
				8F6816622C12D6D000FB9FF3 /* WebViewViewControllerDelegate.swift in Sources */,
				8F7945052C18915900D3996D /* OAuthTokenStorage.swift in Sources */,
				8F7945032C18882A00D3996D /* OAuthTokenResponseBody.swift in Sources */,
				8F2D89262BE9E7EB005F082C /* SceneDelegate.swift in Sources */,
				8F3A45202C0D982B00F3D8A1 /* AuthViewController.swift in Sources */,
				8FAFE8002C0B6128000C319B /* Constants.swift in Sources */,
				8F7945092C19B3E900D3996D /* SplashViewController.swift in Sources */,
				8F16995E2C28175900BD24F9 /* ErrorHandler.swift in Sources */,
				8F41EAE02C1B2F94001CB976 /* JSONDecoder+Extensions.swift in Sources */,
				8F1699582C28030600BD24F9 /* ProfileService.swift in Sources */,
			);
			runOnlyForDeploymentPostprocessing = 0;
		};
/* End PBXSourcesBuildPhase section */

/* Begin PBXVariantGroup section */
		8F2D89292BE9E7EB005F082C /* Main.storyboard */ = {
			isa = PBXVariantGroup;
			children = (
				8F2D892A2BE9E7EB005F082C /* Base */,
			);
			name = Main.storyboard;
			sourceTree = "<group>";
		};
		8F2D892E2BE9E7ED005F082C /* LaunchScreen.storyboard */ = {
			isa = PBXVariantGroup;
			children = (
				8F2D892F2BE9E7ED005F082C /* Base */,
			);
			name = LaunchScreen.storyboard;
			sourceTree = "<group>";
		};
/* End PBXVariantGroup section */

/* Begin XCBuildConfiguration section */
		8F2D89322BE9E7ED005F082C /* Debug */ = {
			isa = XCBuildConfiguration;
			buildSettings = {
				ALWAYS_SEARCH_USER_PATHS = NO;
				ASSETCATALOG_COMPILER_GENERATE_SWIFT_ASSET_SYMBOL_EXTENSIONS = YES;
				CLANG_ANALYZER_LOCALIZABILITY_NONLOCALIZED = YES;
				CLANG_ANALYZER_NONNULL = YES;
				CLANG_ANALYZER_NUMBER_OBJECT_CONVERSION = YES_AGGRESSIVE;
				CLANG_CXX_LANGUAGE_STANDARD = "gnu++20";
				CLANG_ENABLE_MODULES = YES;
				CLANG_ENABLE_OBJC_ARC = YES;
				CLANG_ENABLE_OBJC_WEAK = YES;
				CLANG_WARN_BLOCK_CAPTURE_AUTORELEASING = YES;
				CLANG_WARN_BOOL_CONVERSION = YES;
				CLANG_WARN_COMMA = YES;
				CLANG_WARN_CONSTANT_CONVERSION = YES;
				CLANG_WARN_DEPRECATED_OBJC_IMPLEMENTATIONS = YES;
				CLANG_WARN_DIRECT_OBJC_ISA_USAGE = YES_ERROR;
				CLANG_WARN_DOCUMENTATION_COMMENTS = YES;
				CLANG_WARN_EMPTY_BODY = YES;
				CLANG_WARN_ENUM_CONVERSION = YES;
				CLANG_WARN_INFINITE_RECURSION = YES;
				CLANG_WARN_INT_CONVERSION = YES;
				CLANG_WARN_NON_LITERAL_NULL_CONVERSION = YES;
				CLANG_WARN_OBJC_IMPLICIT_RETAIN_SELF = YES;
				CLANG_WARN_OBJC_LITERAL_CONVERSION = YES;
				CLANG_WARN_OBJC_ROOT_CLASS = YES_ERROR;
				CLANG_WARN_QUOTED_INCLUDE_IN_FRAMEWORK_HEADER = YES;
				CLANG_WARN_RANGE_LOOP_ANALYSIS = YES;
				CLANG_WARN_STRICT_PROTOTYPES = YES;
				CLANG_WARN_SUSPICIOUS_MOVE = YES;
				CLANG_WARN_UNGUARDED_AVAILABILITY = YES_AGGRESSIVE;
				CLANG_WARN_UNREACHABLE_CODE = YES;
				CLANG_WARN__DUPLICATE_METHOD_MATCH = YES;
				COPY_PHASE_STRIP = NO;
				DEBUG_INFORMATION_FORMAT = dwarf;
				ENABLE_STRICT_OBJC_MSGSEND = YES;
				ENABLE_TESTABILITY = YES;
				ENABLE_USER_SCRIPT_SANDBOXING = YES;
				GCC_C_LANGUAGE_STANDARD = gnu17;
				GCC_DYNAMIC_NO_PIC = NO;
				GCC_NO_COMMON_BLOCKS = YES;
				GCC_OPTIMIZATION_LEVEL = 0;
				GCC_PREPROCESSOR_DEFINITIONS = (
					"DEBUG=1",
					"$(inherited)",
				);
				GCC_WARN_64_TO_32_BIT_CONVERSION = YES;
				GCC_WARN_ABOUT_RETURN_TYPE = YES_ERROR;
				GCC_WARN_UNDECLARED_SELECTOR = YES;
				GCC_WARN_UNINITIALIZED_AUTOS = YES_AGGRESSIVE;
				GCC_WARN_UNUSED_FUNCTION = YES;
				GCC_WARN_UNUSED_VARIABLE = YES;
				IPHONEOS_DEPLOYMENT_TARGET = 13.0;
				LOCALIZATION_PREFERS_STRING_CATALOGS = YES;
				MTL_ENABLE_DEBUG_INFO = INCLUDE_SOURCE;
				MTL_FAST_MATH = YES;
				ONLY_ACTIVE_ARCH = YES;
				SDKROOT = iphoneos;
				SWIFT_ACTIVE_COMPILATION_CONDITIONS = "DEBUG $(inherited)";
				SWIFT_OPTIMIZATION_LEVEL = "-Onone";
			};
			name = Debug;
		};
		8F2D89332BE9E7ED005F082C /* Release */ = {
			isa = XCBuildConfiguration;
			buildSettings = {
				ALWAYS_SEARCH_USER_PATHS = NO;
				ASSETCATALOG_COMPILER_GENERATE_SWIFT_ASSET_SYMBOL_EXTENSIONS = YES;
				CLANG_ANALYZER_LOCALIZABILITY_NONLOCALIZED = YES;
				CLANG_ANALYZER_NONNULL = YES;
				CLANG_ANALYZER_NUMBER_OBJECT_CONVERSION = YES_AGGRESSIVE;
				CLANG_CXX_LANGUAGE_STANDARD = "gnu++20";
				CLANG_ENABLE_MODULES = YES;
				CLANG_ENABLE_OBJC_ARC = YES;
				CLANG_ENABLE_OBJC_WEAK = YES;
				CLANG_WARN_BLOCK_CAPTURE_AUTORELEASING = YES;
				CLANG_WARN_BOOL_CONVERSION = YES;
				CLANG_WARN_COMMA = YES;
				CLANG_WARN_CONSTANT_CONVERSION = YES;
				CLANG_WARN_DEPRECATED_OBJC_IMPLEMENTATIONS = YES;
				CLANG_WARN_DIRECT_OBJC_ISA_USAGE = YES_ERROR;
				CLANG_WARN_DOCUMENTATION_COMMENTS = YES;
				CLANG_WARN_EMPTY_BODY = YES;
				CLANG_WARN_ENUM_CONVERSION = YES;
				CLANG_WARN_INFINITE_RECURSION = YES;
				CLANG_WARN_INT_CONVERSION = YES;
				CLANG_WARN_NON_LITERAL_NULL_CONVERSION = YES;
				CLANG_WARN_OBJC_IMPLICIT_RETAIN_SELF = YES;
				CLANG_WARN_OBJC_LITERAL_CONVERSION = YES;
				CLANG_WARN_OBJC_ROOT_CLASS = YES_ERROR;
				CLANG_WARN_QUOTED_INCLUDE_IN_FRAMEWORK_HEADER = YES;
				CLANG_WARN_RANGE_LOOP_ANALYSIS = YES;
				CLANG_WARN_STRICT_PROTOTYPES = YES;
				CLANG_WARN_SUSPICIOUS_MOVE = YES;
				CLANG_WARN_UNGUARDED_AVAILABILITY = YES_AGGRESSIVE;
				CLANG_WARN_UNREACHABLE_CODE = YES;
				CLANG_WARN__DUPLICATE_METHOD_MATCH = YES;
				COPY_PHASE_STRIP = NO;
				DEBUG_INFORMATION_FORMAT = "dwarf-with-dsym";
				ENABLE_NS_ASSERTIONS = NO;
				ENABLE_STRICT_OBJC_MSGSEND = YES;
				ENABLE_USER_SCRIPT_SANDBOXING = YES;
				GCC_C_LANGUAGE_STANDARD = gnu17;
				GCC_NO_COMMON_BLOCKS = YES;
				GCC_WARN_64_TO_32_BIT_CONVERSION = YES;
				GCC_WARN_ABOUT_RETURN_TYPE = YES_ERROR;
				GCC_WARN_UNDECLARED_SELECTOR = YES;
				GCC_WARN_UNINITIALIZED_AUTOS = YES_AGGRESSIVE;
				GCC_WARN_UNUSED_FUNCTION = YES;
				GCC_WARN_UNUSED_VARIABLE = YES;
				IPHONEOS_DEPLOYMENT_TARGET = 13.0;
				LOCALIZATION_PREFERS_STRING_CATALOGS = YES;
				MTL_ENABLE_DEBUG_INFO = NO;
				MTL_FAST_MATH = YES;
				SDKROOT = iphoneos;
				SWIFT_COMPILATION_MODE = wholemodule;
				VALIDATE_PRODUCT = YES;
			};
			name = Release;
		};
		8F2D89352BE9E7ED005F082C /* Debug */ = {
			isa = XCBuildConfiguration;
			buildSettings = {
				ASSETCATALOG_COMPILER_APPICON_NAME = AppIcon;
				ASSETCATALOG_COMPILER_GLOBAL_ACCENT_COLOR_NAME = AccentColor;
				CODE_SIGN_STYLE = Automatic;
				CURRENT_PROJECT_VERSION = 1;
				DEVELOPMENT_TEAM = SS97497NM5;
				GENERATE_INFOPLIST_FILE = YES;
				INFOPLIST_FILE = ImageFeed/Resources/Info.plist;
				INFOPLIST_KEY_UIApplicationSupportsIndirectInputEvents = YES;
				INFOPLIST_KEY_UILaunchStoryboardName = LaunchScreen;
				INFOPLIST_KEY_UIMainStoryboardFile = Main;
				INFOPLIST_KEY_UIStatusBarStyle = UIStatusBarStyleLightContent;
				INFOPLIST_KEY_UISupportedInterfaceOrientations = UIInterfaceOrientationPortrait;
				IPHONEOS_DEPLOYMENT_TARGET = 13.0;
				LD_RUNPATH_SEARCH_PATHS = (
					"$(inherited)",
					"@executable_path/Frameworks",
				);
				MARKETING_VERSION = 1.0;
				PRODUCT_BUNDLE_IDENTIFIER = com.apolm.ImageFeed;
				PRODUCT_NAME = "$(TARGET_NAME)";
				SUPPORTED_PLATFORMS = "iphoneos iphonesimulator";
				SUPPORTS_MACCATALYST = NO;
				SUPPORTS_MAC_DESIGNED_FOR_IPHONE_IPAD = NO;
				SUPPORTS_XR_DESIGNED_FOR_IPHONE_IPAD = NO;
				SWIFT_EMIT_LOC_STRINGS = YES;
				SWIFT_VERSION = 5.0;
				TARGETED_DEVICE_FAMILY = 1;
			};
			name = Debug;
		};
		8F2D89362BE9E7ED005F082C /* Release */ = {
			isa = XCBuildConfiguration;
			buildSettings = {
				ASSETCATALOG_COMPILER_APPICON_NAME = AppIcon;
				ASSETCATALOG_COMPILER_GLOBAL_ACCENT_COLOR_NAME = AccentColor;
				CODE_SIGN_STYLE = Automatic;
				CURRENT_PROJECT_VERSION = 1;
				DEVELOPMENT_TEAM = SS97497NM5;
				GENERATE_INFOPLIST_FILE = YES;
				INFOPLIST_FILE = ImageFeed/Resources/Info.plist;
				INFOPLIST_KEY_UIApplicationSupportsIndirectInputEvents = YES;
				INFOPLIST_KEY_UILaunchStoryboardName = LaunchScreen;
				INFOPLIST_KEY_UIMainStoryboardFile = Main;
				INFOPLIST_KEY_UIStatusBarStyle = UIStatusBarStyleLightContent;
				INFOPLIST_KEY_UISupportedInterfaceOrientations = UIInterfaceOrientationPortrait;
				IPHONEOS_DEPLOYMENT_TARGET = 13.0;
				LD_RUNPATH_SEARCH_PATHS = (
					"$(inherited)",
					"@executable_path/Frameworks",
				);
				MARKETING_VERSION = 1.0;
				PRODUCT_BUNDLE_IDENTIFIER = com.apolm.ImageFeed;
				PRODUCT_NAME = "$(TARGET_NAME)";
				SUPPORTED_PLATFORMS = "iphoneos iphonesimulator";
				SUPPORTS_MACCATALYST = NO;
				SUPPORTS_MAC_DESIGNED_FOR_IPHONE_IPAD = NO;
				SUPPORTS_XR_DESIGNED_FOR_IPHONE_IPAD = NO;
				SWIFT_EMIT_LOC_STRINGS = YES;
				SWIFT_VERSION = 5.0;
				TARGETED_DEVICE_FAMILY = 1;
			};
			name = Release;
		};
/* End XCBuildConfiguration section */

/* Begin XCConfigurationList section */
		8F2D891B2BE9E7EB005F082C /* Build configuration list for PBXProject "ImageFeed" */ = {
			isa = XCConfigurationList;
			buildConfigurations = (
				8F2D89322BE9E7ED005F082C /* Debug */,
				8F2D89332BE9E7ED005F082C /* Release */,
			);
			defaultConfigurationIsVisible = 0;
			defaultConfigurationName = Release;
		};
		8F2D89342BE9E7ED005F082C /* Build configuration list for PBXNativeTarget "ImageFeed" */ = {
			isa = XCConfigurationList;
			buildConfigurations = (
				8F2D89352BE9E7ED005F082C /* Debug */,
				8F2D89362BE9E7ED005F082C /* Release */,
			);
			defaultConfigurationIsVisible = 0;
			defaultConfigurationName = Release;
		};
/* End XCConfigurationList section */

/* Begin XCRemoteSwiftPackageReference section */
		8F0A00E72C2A7A2200120362 /* XCRemoteSwiftPackageReference "Kingfisher" */ = {
			isa = XCRemoteSwiftPackageReference;
			repositoryURL = "https://github.com/onevcat/Kingfisher";
			requirement = {
				kind = exactVersion;
				version = 7.12.0;
			};
		};
		8F0A00EA2C2A8EDB00120362 /* XCRemoteSwiftPackageReference "SwiftKeychainWrapper" */ = {
			isa = XCRemoteSwiftPackageReference;
			repositoryURL = "https://github.com/jrendel/SwiftKeychainWrapper";
			requirement = {
				kind = exactVersion;
				version = 4.0.1;
			};
		};
		8FFB7D992C1C3A6000747839 /* XCRemoteSwiftPackageReference "ProgressHUD" */ = {
			isa = XCRemoteSwiftPackageReference;
			repositoryURL = "https://github.com/relatedcode/ProgressHUD";
			requirement = {
				kind = exactVersion;
				version = 14.1.3;
			};
		};
/* End XCRemoteSwiftPackageReference section */

/* Begin XCSwiftPackageProductDependency section */
		8F0A00E82C2A7A2200120362 /* Kingfisher */ = {
			isa = XCSwiftPackageProductDependency;
			package = 8F0A00E72C2A7A2200120362 /* XCRemoteSwiftPackageReference "Kingfisher" */;
			productName = Kingfisher;
		};
		8F0A00EB2C2A8EDB00120362 /* SwiftKeychainWrapper */ = {
			isa = XCSwiftPackageProductDependency;
			package = 8F0A00EA2C2A8EDB00120362 /* XCRemoteSwiftPackageReference "SwiftKeychainWrapper" */;
			productName = SwiftKeychainWrapper;
		};
		8FFB7D9A2C1C3A6000747839 /* ProgressHUD */ = {
			isa = XCSwiftPackageProductDependency;
			package = 8FFB7D992C1C3A6000747839 /* XCRemoteSwiftPackageReference "ProgressHUD" */;
			productName = ProgressHUD;
		};
/* End XCSwiftPackageProductDependency section */
	};
	rootObject = 8F2D89182BE9E7EB005F082C /* Project object */;
}
